
Microsoft Visual Studio Solution File, Format Version 12.00
# Visual Studio Version 17
VisualStudioVersion = 17.3.32929.385
MinimumVisualStudioVersion = 10.0.40219.1
Project("{FAE04EC0-301F-11D3-BF4B-00C04F79EFBC}") = "Property Rental Management Web Site", "Property Rental Management Web Site\Property Rental Management Web Site.csproj", "{ADD5692E-21B6-4401-B1B7-9D8242C34CA0}"
EndProject
Global
	GlobalSection(SolutionConfigurationPlatforms) = preSolution
		Debug|Any CPU = Debug|Any CPU
		Release|Any CPU = Release|Any CPU
	EndGlobalSection
	GlobalSection(ProjectConfigurationPlatforms) = postSolution
		{ADD5692E-21B6-4401-B1B7-9D8242C34CA0}.Debug|Any CPU.ActiveCfg = Debug|Any CPU
		{ADD5692E-21B6-4401-B1B7-9D8242C34CA0}.Debug|Any CPU.Build.0 = Debug|Any CPU
		{ADD5692E-21B6-4401-B1B7-9D8242C34CA0}.Release|Any CPU.ActiveCfg = Release|Any CPU
		{ADD5692E-21B6-4401-B1B7-9D8242C34CA0}.Release|Any CPU.Build.0 = Release|Any CPU
	EndGlobalSection
	GlobalSection(SolutionProperties) = preSolution
		HideSolutionNode = FALSE
	EndGlobalSection
	GlobalSection(ExtensibilityGlobals) = postSolution
		SolutionGuid = {36E62BD0-73C1-44A1-9CEC-D7FAE9BFD885}
	EndGlobalSection
EndGlobal
